
Microsoft Visual Studio Solution File, Format Version 12.00
# Visual Studio Version 17
VisualStudioVersion = 17.5.002.0
MinimumVisualStudioVersion = 10.0.40219.1
Project("{9A19103F-16F7-4668-BE54-9A1E7A4F7556}") = "ActivityLog", "ActivityLog.App\ActivityLog.csproj", "{2775490D-C6B6-40EE-8DC1-CB422DC7A4E7}"
EndProject
Project("{9A19103F-16F7-4668-BE54-9A1E7A4F7556}") = "ActivityLog.Test", "ActivityLog.Test\ActivityLog.Test.csproj", "{4F1D2378-778B-4585-9894-D54E8CC1FA01}"
EndProject
Global
	GlobalSection(SolutionConfigurationPlatforms) = preSolution
		Debug|Any CPU = Debug|Any CPU
		Release|Any CPU = Release|Any CPU
	EndGlobalSection
	GlobalSection(ProjectConfigurationPlatforms) = postSolution
		{2775490D-C6B6-40EE-8DC1-CB422DC7A4E7}.Debug|Any CPU.ActiveCfg = Debug|Any CPU
		{2775490D-C6B6-40EE-8DC1-CB422DC7A4E7}.Debug|Any CPU.Build.0 = Debug|Any CPU
		{2775490D-C6B6-40EE-8DC1-CB422DC7A4E7}.Release|Any CPU.ActiveCfg = Release|Any CPU
		{2775490D-C6B6-40EE-8DC1-CB422DC7A4E7}.Release|Any CPU.Build.0 = Release|Any CPU
		{4F1D2378-778B-4585-9894-D54E8CC1FA01}.Debug|Any CPU.ActiveCfg = Debug|Any CPU
		{4F1D2378-778B-4585-9894-D54E8CC1FA01}.Debug|Any CPU.Build.0 = Debug|Any CPU
		{4F1D2378-778B-4585-9894-D54E8CC1FA01}.Release|Any CPU.ActiveCfg = Release|Any CPU
		{4F1D2378-778B-4585-9894-D54E8CC1FA01}.Release|Any CPU.Build.0 = Release|Any CPU
	EndGlobalSection
	GlobalSection(SolutionProperties) = preSolution
		HideSolutionNode = FALSE
	EndGlobalSection
	GlobalSection(ExtensibilityGlobals) = postSolution
		SolutionGuid = {E4C74797-3910-45E3-8252-3C97BF543DEF}
	EndGlobalSection
EndGlobal
